Microsoft Visual Studio Solution File, Format Version 12.00
# Visual Studio 2012
Project("{FAE04EC0-301F-11D3-BF4B-00C04F79EFBC}") = "SCP-173", "SCP-173.csproj", "{AF69AA46-9B2A-436E-B141-C5D5FA3E082E}"
EndProject
Global
	GlobalSection(SolutionConfigurationPlatforms) = preSolution
	Debug|Any CPU = Debug|Any CPU
	ExportDebug|Any CPU = ExportDebug|Any CPU
	ExportRelease|Any CPU = ExportRelease|Any CPU
	EndGlobalSection
	GlobalSection(ProjectConfigurationPlatforms) = postSolution
		{AF69AA46-9B2A-436E-B141-C5D5FA3E082E}.Debug|Any CPU.ActiveCfg = Debug|Any CPU
		{AF69AA46-9B2A-436E-B141-C5D5FA3E082E}.Debug|Any CPU.Build.0 = Debug|Any CPU
		{AF69AA46-9B2A-436E-B141-C5D5FA3E082E}.ExportDebug|Any CPU.ActiveCfg = ExportDebug|Any CPU
		{AF69AA46-9B2A-436E-B141-C5D5FA3E082E}.ExportDebug|Any CPU.Build.0 = ExportDebug|Any CPU
		{AF69AA46-9B2A-436E-B141-C5D5FA3E082E}.ExportRelease|Any CPU.ActiveCfg = ExportRelease|Any CPU
		{AF69AA46-9B2A-436E-B141-C5D5FA3E082E}.ExportRelease|Any CPU.Build.0 = ExportRelease|Any CPU
	EndGlobalSection
EndGlobal
